// !$*UTF8*$!
{
	archiveVersion = 1;
	classes = {
	};
	objectVersion = 46;
	objects = {

/* Begin PBXBuildFile section */
		93E2E86E199D060C0026AF4F /* Foundation.framework in Frameworks */ = {isa = PBXBuildFile; fileRef = 93E2E86D199D060C0026AF4F /* Foundation.framework */; };
		93E2E870199D060C0026AF4F /* CoreGraphics.framework in Frameworks */ = {isa = PBXBuildFile; fileRef = 93E2E86F199D060C0026AF4F /* CoreGraphics.framework */; };
		93E2E872199D060C0026AF4F /* UIKit.framework in Frameworks */ = {isa = PBXBuildFile; fileRef = 93E2E871199D060C0026AF4F /* UIKit.framework */; };
		93E2E878199D060C0026AF4F /* InfoPlist.strings in Resources */ = {isa = PBXBuildFile; fileRef = 93E2E876199D060C0026AF4F /* InfoPlist.strings */; };
		93E2E87A199D060C0026AF4F /* main.m in Sources */ = {isa = PBXBuildFile; fileRef = 93E2E879199D060C0026AF4F /* main.m */; };
		93E2E87E199D060C0026AF4F /* AppDelegate.m in Sources */ = {isa = PBXBuildFile; fileRef = 93E2E87D199D060C0026AF4F /* AppDelegate.m */; };
		93E2E881199D060C0026AF4F /* Main.storyboard in Resources */ = {isa = PBXBuildFile; fileRef = 93E2E87F199D060C0026AF4F /* Main.storyboard */; };
		93E2E884199D060C0026AF4F /* ViewController.m in Sources */ = {isa = PBXBuildFile; fileRef = 93E2E883199D060C0026AF4F /* ViewController.m */; };
		93E2E886199D060C0026AF4F /* Images.xcassets in Resources */ = {isa = PBXBuildFile; fileRef = 93E2E885199D060C0026AF4F /* Images.xcassets */; };
		93E2E88D199D060C0026AF4F /* XCTest.framework in Frameworks */ = {isa = PBXBuildFile; fileRef = 93E2E88C199D060C0026AF4F /* XCTest.framework */; };
		93E2E88E199D060C0026AF4F /* Foundation.framework in Frameworks */ = {isa = PBXBuildFile; fileRef = 93E2E86D199D060C0026AF4F /* Foundation.framework */; };
		93E2E88F199D060C0026AF4F /* UIKit.framework in Frameworks */ = {isa = PBXBuildFile; fileRef = 93E2E871199D060C0026AF4F /* UIKit.framework */; };
		93E2E897199D060C0026AF4F /* InfoPlist.strings in Resources */ = {isa = PBXBuildFile; fileRef = 93E2E895199D060C0026AF4F /* InfoPlist.strings */; };
		93E2E899199D060C0026AF4F /* RefreshCellsTests.m in Sources */ = {isa = PBXBuildFile; fileRef = 93E2E898199D060C0026AF4F /* RefreshCellsTests.m */; };
		93E2E8B0199D27510026AF4F /* GameConsole.m in Sources */ = {isa = PBXBuildFile; fileRef = 93E2E8AF199D27510026AF4F /* GameConsole.m */; };
		93E2E8B6199D3DE20026AF4F /* CustomTableViewCell.m in Sources */ = {isa = PBXBuildFile; fileRef = 93E2E8B5199D3DE20026AF4F /* CustomTableViewCell.m */; };
/* End PBXBuildFile section */

/* Begin PBXContainerItemProxy section */
		93E2E890199D060C0026AF4F /* PBXContainerItemProxy */ = {
			isa = PBXContainerItemProxy;
			containerPortal = 93E2E862199D060C0026AF4F /* Project object */;
			proxyType = 1;
			remoteGlobalIDString = 93E2E869199D060C0026AF4F;
			remoteInfo = RefreshCells;
		};
/* End PBXContainerItemProxy section */

/* Begin PBXFileReference section */
		93E2E86A199D060C0026AF4F /* RefreshCells.app */ = {isa = PBXFileReference; explicitFileType = wrapper.application; includeInIndex = 0; path = RefreshCells.app; sourceTree = BUILT_PRODUCTS_DIR; };
		93E2E86D199D060C0026AF4F /* Foundation.framework */ = {isa = PBXFileReference; lastKnownFileType = wrapper.framework; name = Foundation.framework; path = System/Library/Frameworks/Foundation.framework; sourceTree = SDKROOT; };
		93E2E86F199D060C0026AF4F /* CoreGraphics.framework */ = {isa = PBXFileReference; lastKnownFileType = wrapper.framework; name = CoreGraphics.framework; path = System/Library/Frameworks/CoreGraphics.framework; sourceTree = SDKROOT; };
		93E2E871199D060C0026AF4F /* UIKit.framework */ = {isa = PBXFileReference; lastKnownFileType = wrapper.framework; name = UIKit.framework; path = System/Library/Frameworks/UIKit.framework; sourceTree = SDKROOT; };
		93E2E875199D060C0026AF4F /* RefreshCells-Info.plist */ = {isa = PBXFileReference; lastKnownFileType = text.plist.xml; path = "RefreshCells-Info.plist"; sourceTree = "<group>"; };
		93E2E877199D060C0026AF4F /* en */ = {isa = PBXFileReference; lastKnownFileType = text.plist.strings; name = en; path = en.lproj/InfoPlist.strings; sourceTree = "<group>"; };
		93E2E879199D060C0026AF4F /* main.m */ = {isa = PBXFileReference; lastKnownFileType = sourcecode.c.objc; path = main.m; sourceTree = "<group>"; };
		93E2E87B199D060C0026AF4F /* RefreshCells-Prefix.pch */ = {isa = PBXFileReference; lastKnownFileType = sourcecode.c.h; path = "RefreshCells-Prefix.pch"; sourceTree = "<group>"; };
		93E2E87C199D060C0026AF4F /* AppDelegate.h */ = {isa = PBXFileReference; lastKnownFileType = sourcecode.c.h; path = AppDelegate.h; sourceTree = "<group>"; };
		93E2E87D199D060C0026AF4F /* AppDelegate.m */ = {isa = PBXFileReference; lastKnownFileType = sourcecode.c.objc; path = AppDelegate.m; sourceTree = "<group>"; };
		93E2E880199D060C0026AF4F /* Base */ = {isa = PBXFileReference; lastKnownFileType = file.storyboard; name = Base; path = Base.lproj/Main.storyboard; sourceTree = "<group>"; };
		93E2E882199D060C0026AF4F /* ViewController.h */ = {isa = PBXFileReference; lastKnownFileType = sourcecode.c.h; path = ViewController.h; sourceTree = "<group>"; };
		93E2E883199D060C0026AF4F /* ViewController.m */ = {isa = PBXFileReference; lastKnownFileType = sourcecode.c.objc; path = ViewController.m; sourceTree = "<group>"; };
		93E2E885199D060C0026AF4F /* Images.xcassets */ = {isa = PBXFileReference; lastKnownFileType = folder.assetcatalog; path = Images.xcassets; sourceTree = "<group>"; };
		93E2E88B199D060C0026AF4F /* RefreshCellsTests.xctest */ = {isa = PBXFileReference; explicitFileType = wrapper.cfbundle; includeInIndex = 0; path = RefreshCellsTests.xctest; sourceTree = BUILT_PRODUCTS_DIR; };
		93E2E88C199D060C0026AF4F /* XCTest.framework */ = {isa = PBXFileReference; lastKnownFileType = wrapper.framework; name = XCTest.framework; path = Library/Frameworks/XCTest.framework; sourceTree = DEVELOPER_DIR; };
		93E2E894199D060C0026AF4F /* RefreshCellsTests-Info.plist */ = {isa = PBXFileReference; lastKnownFileType = text.plist.xml; path = "RefreshCellsTests-Info.plist"; sourceTree = "<group>"; };
		93E2E896199D060C0026AF4F /* en */ = {isa = PBXFileReference; lastKnownFileType = text.plist.strings; name = en; path = en.lproj/InfoPlist.strings; sourceTree = "<group>"; };
		93E2E898199D060C0026AF4F /* RefreshCellsTests.m */ = {isa = PBXFileReference; lastKnownFileType = sourcecode.c.objc; path = RefreshCellsTests.m; sourceTree = "<group>"; };
		93E2E8AE199D27510026AF4F /* GameConsole.h */ = {isa = PBXFileReference; fileEncoding = 4; lastKnownFileType = sourcecode.c.h; path = GameConsole.h; sourceTree = "<group>"; };
		93E2E8AF199D27510026AF4F /* GameConsole.m */ = {isa = PBXFileReference; fileEncoding = 4; lastKnownFileType = sourcecode.c.objc; path = GameConsole.m; sourceTree = "<group>"; };
		93E2E8B4199D3DE20026AF4F /* CustomTableViewCell.h */ = {isa = PBXFileReference; fileEncoding = 4; lastKnownFileType = sourcecode.c.h; path = CustomTableViewCell.h; sourceTree = "<group>"; };
		93E2E8B5199D3DE20026AF4F /* CustomTableViewCell.m */ = {isa = PBXFileReference; fileEncoding = 4; lastKnownFileType = sourcecode.c.objc; path = CustomTableViewCell.m; sourceTree = "<group>"; };
/* End PBXFileReference section */

/* Begin PBXFrameworksBuildPhase section */
		93E2E867199D060C0026AF4F /* Frameworks */ = {
			isa = PBXFrameworksBuildPhase;
			buildActionMask = 2147483647;
			files = (
				93E2E870199D060C0026AF4F /* CoreGraphics.framework in Frameworks */,
				93E2E872199D060C0026AF4F /* UIKit.framework in Frameworks */,
				93E2E86E199D060C0026AF4F /* Foundation.framework in Frameworks */,
			);
			runOnlyForDeploymentPostprocessing = 0;
		};
		93E2E888199D060C0026AF4F /* Frameworks */ = {
			isa = PBXFrameworksBuildPhase;
			buildActionMask = 2147483647;
			files = (
				93E2E88D199D060C0026AF4F /* XCTest.framework in Frameworks */,
				93E2E88F199D060C0026AF4F /* UIKit.framework in Frameworks */,
				93E2E88E199D060C0026AF4F /* Foundation.framework in Frameworks */,
			);
			runOnlyForDeploymentPostprocessing = 0;
		};
/* End PBXFrameworksBuildPhase section */

/* Begin PBXGroup section */
		93E2E861199D060C0026AF4F = {
			isa = PBXGroup;
			children = (
				93E2E873199D060C0026AF4F /* RefreshCells */,
				93E2E892199D060C0026AF4F /* RefreshCellsTests */,
				93E2E86C199D060C0026AF4F /* Frameworks */,
				93E2E86B199D060C0026AF4F /* Products */,
			);
			sourceTree = "<group>";
		};
		93E2E86B199D060C0026AF4F /* Products */ = {
			isa = PBXGroup;
			children = (
				93E2E86A199D060C0026AF4F /* RefreshCells.app */,
				93E2E88B199D060C0026AF4F /* RefreshCellsTests.xctest */,
			);
			name = Products;
			sourceTree = "<group>";
		};
		93E2E86C199D060C0026AF4F /* Frameworks */ = {
			isa = PBXGroup;
			children = (
				93E2E86D199D060C0026AF4F /* Foundation.framework */,
				93E2E86F199D060C0026AF4F /* CoreGraphics.framework */,
				93E2E871199D060C0026AF4F /* UIKit.framework */,
				93E2E88C199D060C0026AF4F /* XCTest.framework */,
			);
			name = Frameworks;
			sourceTree = "<group>";
		};
		93E2E873199D060C0026AF4F /* RefreshCells */ = {
			isa = PBXGroup;
			children = (
				93E2E87C199D060C0026AF4F /* AppDelegate.h */,
				93E2E87D199D060C0026AF4F /* AppDelegate.m */,
				93E2E87F199D060C0026AF4F /* Main.storyboard */,
				93E2E8B4199D3DE20026AF4F /* CustomTableViewCell.h */,
				93E2E8B5199D3DE20026AF4F /* CustomTableViewCell.m */,
				93E2E882199D060C0026AF4F /* ViewController.h */,
				93E2E883199D060C0026AF4F /* ViewController.m */,
				93E2E8AE199D27510026AF4F /* GameConsole.h */,
				93E2E8AF199D27510026AF4F /* GameConsole.m */,
				93E2E885199D060C0026AF4F /* Images.xcassets */,
				93E2E874199D060C0026AF4F /* Supporting Files */,
			);
			path = RefreshCells;
			sourceTree = "<group>";
		};
		93E2E874199D060C0026AF4F /* Supporting Files */ = {
			isa = PBXGroup;
			children = (
				93E2E875199D060C0026AF4F /* RefreshCells-Info.plist */,
				93E2E876199D060C0026AF4F /* InfoPlist.strings */,
				93E2E879199D060C0026AF4F /* main.m */,
				93E2E87B199D060C0026AF4F /* RefreshCells-Prefix.pch */,
			);
			name = "Supporting Files";
			sourceTree = "<group>";
		};
		93E2E892199D060C0026AF4F /* RefreshCellsTests */ = {
			isa = PBXGroup;
			children = (
				93E2E898199D060C0026AF4F /* RefreshCellsTests.m */,
				93E2E893199D060C0026AF4F /* Supporting Files */,
			);
			path = RefreshCellsTests;
			sourceTree = "<group>";
		};
		93E2E893199D060C0026AF4F /* Supporting Files */ = {
			isa = PBXGroup;
			children = (
				93E2E894199D060C0026AF4F /* RefreshCellsTests-Info.plist */,
				93E2E895199D060C0026AF4F /* InfoPlist.strings */,
			);
			name = "Supporting Files";
			sourceTree = "<group>";
		};
/* End PBXGroup section */

/* Begin PBXNativeTarget section */
		93E2E869199D060C0026AF4F /* RefreshCells */ = {
			isa = PBXNativeTarget;
			buildConfigurationList = 93E2E89C199D060C0026AF4F /* Build configuration list for PBXNativeTarget "RefreshCells" */;
			buildPhases = (
				93E2E866199D060C0026AF4F /* Sources */,
				93E2E867199D060C0026AF4F /* Frameworks */,
				93E2E868199D060C0026AF4F /* Resources */,
			);
			buildRules = (
			);
			dependencies = (
			);
			name = RefreshCells;
			productName = RefreshCells;
			productReference = 93E2E86A199D060C0026AF4F /* RefreshCells.app */;
			productType = "com.apple.product-type.application";
		};
		93E2E88A199D060C0026AF4F /* RefreshCellsTests */ = {
			isa = PBXNativeTarget;
			buildConfigurationList = 93E2E89F199D060C0026AF4F /* Build configuration list for PBXNativeTarget "RefreshCellsTests" */;
			buildPhases = (
				93E2E887199D060C0026AF4F /* Sources */,
				93E2E888199D060C0026AF4F /* Frameworks */,
				93E2E889199D060C0026AF4F /* Resources */,
			);
			buildRules = (
			);
			dependencies = (
				93E2E891199D060C0026AF4F /* PBXTargetDependency */,
			);
			name = RefreshCellsTests;
			productName = RefreshCellsTests;
			productReference = 93E2E88B199D060C0026AF4F /* RefreshCellsTests.xctest */;
			productType = "com.apple.product-type.bundle.unit-test";
		};
/* End PBXNativeTarget section */

/* Begin PBXProject section */
		93E2E862199D060C0026AF4F /* Project object */ = {
			isa = PBXProject;
			attributes = {
				LastUpgradeCheck = 0510;
				ORGANIZATIONNAME = MobileMakers;
				TargetAttributes = {
					93E2E88A199D060C0026AF4F = {
						TestTargetID = 93E2E869199D060C0026AF4F;
					};
				};
			};
			buildConfigurationList = 93E2E865199D060C0026AF4F /* Build configuration list for PBXProject "RefreshCells" */;
			compatibilityVersion = "Xcode 3.2";
			developmentRegion = English;
			hasScannedForEncodings = 0;
			knownRegions = (
				en,
				Base,
			);
			mainGroup = 93E2E861199D060C0026AF4F;
			productRefGroup = 93E2E86B199D060C0026AF4F /* Products */;
			projectDirPath = "";
			projectRoot = "";
			targets = (
				93E2E869199D060C0026AF4F /* RefreshCells */,
				93E2E88A199D060C0026AF4F /* RefreshCellsTests */,
			);
		};
/* End PBXProject section */

/* Begin PBXResourcesBuildPhase section */
		93E2E868199D060C0026AF4F /* Resources */ = {
			isa = PBXResourcesBuildPhase;
			buildActionMask = 2147483647;
			files = (
				93E2E886199D060C0026AF4F /* Images.xcassets in Resources */,
				93E2E878199D060C0026AF4F /* InfoPlist.strings in Resources */,
				93E2E881199D060C0026AF4F /* Main.storyboard in Resources */,
			);
			runOnlyForDeploymentPostprocessing = 0;
		};
		93E2E889199D060C0026AF4F /* Resources */ = {
			isa = PBXResourcesBuildPhase;
			buildActionMask = 2147483647;
			files = (
				93E2E897199D060C0026AF4F /* InfoPlist.strings in Resources */,
			);
			runOnlyForDeploymentPostprocessing = 0;
		};
/* End PBXResourcesBuildPhase section */

/* Begin PBXSourcesBuildPhase section */
		93E2E866199D060C0026AF4F /* Sources */ = {
			isa = PBXSourcesBuildPhase;
			buildActionMask = 2147483647;
			files = (
				93E2E884199D060C0026AF4F /* ViewController.m in Sources */,
				93E2E8B0199D27510026AF4F /* GameConsole.m in Sources */,
				93E2E87E199D060C0026AF4F /* AppDelegate.m in Sources */,
				93E2E8B6199D3DE20026AF4F /* CustomTableViewCell.m in Sources */,
				93E2E87A199D060C0026AF4F /* main.m in Sources */,
			);
			runOnlyForDeploymentPostprocessing = 0;
		};
		93E2E887199D060C0026AF4F /* Sources */ = {
			isa = PBXSourcesBuildPhase;
			buildActionMask = 2147483647;
			files = (
				93E2E899199D060C0026AF4F /* RefreshCellsTests.m in Sources */,
			);
			runOnlyForDeploymentPostprocessing = 0;
		};
/* End PBXSourcesBuildPhase section */

/* Begin PBXTargetDependency section */
		93E2E891199D060C0026AF4F /* PBXTargetDependency */ = {
			isa = PBXTargetDependency;
			target = 93E2E869199D060C0026AF4F /* RefreshCells */;
			targetProxy = 93E2E890199D060C0026AF4F /* PBXContainerItemProxy */;
		};
/* End PBXTargetDependency section */

/* Begin PBXVariantGroup section */
		93E2E876199D060C0026AF4F /* InfoPlist.strings */ = {
			isa = PBXVariantGroup;
			children = (
				93E2E877199D060C0026AF4F /* en */,
			);
			name = InfoPlist.strings;
			sourceTree = "<group>";
		};
		93E2E87F199D060C0026AF4F /* Main.storyboard */ = {
			isa = PBXVariantGroup;
			children = (
				93E2E880199D060C0026AF4F /* Base */,
			);
			name = Main.storyboard;
			sourceTree = "<group>";
		};
		93E2E895199D060C0026AF4F /* InfoPlist.strings */ = {
			isa = PBXVariantGroup;
			children = (
				93E2E896199D060C0026AF4F /* en */,
			);
			name = InfoPlist.strings;
			sourceTree = "<group>";
		};
/* End PBXVariantGroup section */

/* Begin XCBuildConfiguration section */
		93E2E89A199D060C0026AF4F /* Debug */ = {
			isa = XCBuildConfiguration;
			buildSettings = {
				ALWAYS_SEARCH_USER_PATHS = NO;
				CLANG_CXX_LANGUAGE_STANDARD = "gnu++0x";
				CLANG_CXX_LIBRARY = "libc++";
				CLANG_ENABLE_MODULES = YES;
				CLANG_ENABLE_OBJC_ARC = YES;
				CLANG_WARN_BOOL_CONVERSION = YES;
				CLANG_WARN_CONSTANT_CONVERSION = YES;
				CLANG_WARN_DIRECT_OBJC_ISA_USAGE = YES_ERROR;
				CLANG_WARN_EMPTY_BODY = YES;
				CLANG_WARN_ENUM_CONVERSION = YES;
				CLANG_WARN_INT_CONVERSION = YES;
				CLANG_WARN_OBJC_ROOT_CLASS = YES_ERROR;
				CLANG_WARN__DUPLICATE_METHOD_MATCH = YES;
				"CODE_SIGN_IDENTITY[sdk=iphoneos*]" = "iPhone Developer";
				COPY_PHASE_STRIP = NO;
				GCC_C_LANGUAGE_STANDARD = gnu99;
				GCC_DYNAMIC_NO_PIC = NO;
				GCC_OPTIMIZATION_LEVEL = 0;
				GCC_PREPROCESSOR_DEFINITIONS = (
					"DEBUG=1",
					"$(inherited)",
				);
				GCC_SYMBOLS_PRIVATE_EXTERN = NO;
				GCC_WARN_64_TO_32_BIT_CONVERSION = YES;
				GCC_WARN_ABOUT_RETURN_TYPE = YES_ERROR;
				GCC_WARN_UNDECLARED_SELECTOR = YES;
				GCC_WARN_UNINITIALIZED_AUTOS = YES_AGGRESSIVE;
				GCC_WARN_UNUSED_FUNCTION = YES;
				GCC_WARN_UNUSED_VARIABLE = YES;
				IPHONEOS_DEPLOYMENT_TARGET = 7.1;
				ONLY_ACTIVE_ARCH = YES;
				SDKROOT = iphoneos;
			};
			name = Debug;
		};
		93E2E89B199D060C0026AF4F /* Release */ = {
			isa = XCBuildConfiguration;
			buildSettings = {
				ALWAYS_SEARCH_USER_PATHS = NO;
				CLANG_CXX_LANGUAGE_STANDARD = "gnu++0x";
				CLANG_CXX_LIBRARY = "libc++";
				CLANG_ENABLE_MODULES = YES;
				CLANG_ENABLE_OBJC_ARC = YES;
				CLANG_WARN_BOOL_CONVERSION = YES;
				CLANG_WARN_CONSTANT_CONVERSION = YES;
				CLANG_WARN_DIRECT_OBJC_ISA_USAGE = YES_ERROR;
				CLANG_WARN_EMPTY_BODY = YES;
				CLANG_WARN_ENUM_CONVERSION = YES;
				CLANG_WARN_INT_CONVERSION = YES;
				CLANG_WARN_OBJC_ROOT_CLASS = YES_ERROR;
				CLANG_WARN__DUPLICATE_METHOD_MATCH = YES;
				"CODE_SIGN_IDENTITY[sdk=iphoneos*]" = "iPhone Developer";
				COPY_PHASE_STRIP = YES;
				ENABLE_NS_ASSERTIONS = NO;
				GCC_C_LANGUAGE_STANDARD = gnu99;
				GCC_WARN_64_TO_32_BIT_CONVERSION = YES;
				GCC_WARN_ABOUT_RETURN_TYPE = YES_ERROR;
				GCC_WARN_UNDECLARED_SELECTOR = YES;
				GCC_WARN_UNINITIALIZED_AUTOS = YES_AGGRESSIVE;
				GCC_WARN_UNUSED_FUNCTION = YES;
				GCC_WARN_UNUSED_VARIABLE = YES;
				IPHONEOS_DEPLOYMENT_TARGET = 7.1;
				SDKROOT = iphoneos;
				VALIDATE_PRODUCT = YES;
			};
			name = Release;
		};
		93E2E89D199D060C0026AF4F /* Debug */ = {
			isa = XCBuildConfiguration;
			buildSettings = {
				ASSETCATALOG_COMPILER_APPICON_NAME = AppIcon;
				ASSETCATALOG_COMPILER_LAUNCHIMAGE_NAME = LaunchImage;
				GCC_PRECOMPILE_PREFIX_HEADER = YES;
				GCC_PREFIX_HEADER = "RefreshCells/RefreshCells-Prefix.pch";
				INFOPLIST_FILE = "RefreshCells/RefreshCells-Info.plist";
				PRODUCT_NAME = "$(TARGET_NAME)";
				WRAPPER_EXTENSION = app;
			};
			name = Debug;
		};
		93E2E89E199D060C0026AF4F /* Release */ = {
			isa = XCBuildConfiguration;
			buildSettings = {
				ASSETCATALOG_COMPILER_APPICON_NAME = AppIcon;
				ASSETCATALOG_COMPILER_LAUNCHIMAGE_NAME = LaunchImage;
				GCC_PRECOMPILE_PREFIX_HEADER = YES;
				GCC_PREFIX_HEADER = "RefreshCells/RefreshCells-Prefix.pch";
				INFOPLIST_FILE = "RefreshCells/RefreshCells-Info.plist";
				PRODUCT_NAME = "$(TARGET_NAME)";
				WRAPPER_EXTENSION = app;
			};
			name = Release;
		};
		93E2E8A0199D060C0026AF4F /* Debug */ = {
			isa = XCBuildConfiguration;
			buildSettings = {
				BUNDLE_LOADER = "$(BUILT_PRODUCTS_DIR)/RefreshCells.app/RefreshCells";
				FRAMEWORK_SEARCH_PATHS = (
					"$(SDKROOT)/Developer/Library/Frameworks",
					"$(inherited)",
					"$(DEVELOPER_FRAMEWORKS_DIR)",
				);
				GCC_PRECOMPILE_PREFIX_HEADER = YES;
				GCC_PREFIX_HEADER = "RefreshCells/RefreshCells-Prefix.pch";
				GCC_PREPROCESSOR_DEFINITIONS = (
					"DEBUG=1",
					"$(inherited)",
				);
				INFOPLIST_FILE = "RefreshCellsTests/RefreshCellsTests-Info.plist";
				PRODUCT_NAME = "$(TARGET_NAME)";
				TEST_HOST = "$(BUNDLE_LOADER)";
				WRAPPER_EXTENSION = xctest;
			};
			name = Debug;
		};
		93E2E8A1199D060C0026AF4F /* Release */ = {
			isa = XCBuildConfiguration;
			buildSettings = {
				BUNDLE_LOADER = "$(BUILT_PRODUCTS_DIR)/RefreshCells.app/RefreshCells";
				FRAMEWORK_SEARCH_PATHS = (
					"$(SDKROOT)/Developer/Library/Frameworks",
					"$(inherited)",
					"$(DEVELOPER_FRAMEWORKS_DIR)",
				);
				GCC_PRECOMPILE_PREFIX_HEADER = YES;
				GCC_PREFIX_HEADER = "RefreshCells/RefreshCells-Prefix.pch";
				INFOPLIST_FILE = "RefreshCellsTests/RefreshCellsTests-Info.plist";
				PRODUCT_NAME = "$(TARGET_NAME)";
				TEST_HOST = "$(BUNDLE_LOADER)";
				WRAPPER_EXTENSION = xctest;
			};
			name = Release;
		};
/* End XCBuildConfiguration section */

/* Begin XCConfigurationList section */
		93E2E865199D060C0026AF4F /* Build configuration list for PBXProject "RefreshCells" */ = {
			isa = XCConfigurationList;
			buildConfigurations = (
				93E2E89A199D060C0026AF4F /* Debug */,
				93E2E89B199D060C0026AF4F /* Release */,
			);
			defaultConfigurationIsVisible = 0;
			defaultConfigurationName = Release;
		};
		93E2E89C199D060C0026AF4F /* Build configuration list for PBXNativeTarget "RefreshCells" */ = {
			isa = XCConfigurationList;
			buildConfigurations = (
				93E2E89D199D060C0026AF4F /* Debug */,
				93E2E89E199D060C0026AF4F /* Release */,
			);
			defaultConfigurationIsVisible = 0;
			defaultConfigurationName = Release;
		};
		93E2E89F199D060C0026AF4F /* Build configuration list for PBXNativeTarget "RefreshCellsTests" */ = {
			isa = XCConfigurationList;
			buildConfigurations = (
				93E2E8A0199D060C0026AF4F /* Debug */,
				93E2E8A1199D060C0026AF4F /* Release */,
			);
			defaultConfigurationIsVisible = 0;
			defaultConfigurationName = Release;
		};
/* End XCConfigurationList section */
	};
	rootObject = 93E2E862199D060C0026AF4F /* Project object */;
}
